{
  "name": "tools",
  "version": "1.0.0",
  "lockfileVersion": 1,
  "requires": true,
  "dependencies": {
    "csv-parse": {
      "version": "4.14.1",
      "resolved": "https://lib.education.lego.com/artifactory/api/npm/libs-release-npm/csv-parse/-/csv-parse-4.14.1.tgz",
      "integrity": "sha1-trNzZQj7lGgvptRQ/hdVI3Ih0pE="
    }
  }
}
